{
  "name": "@xuanzhen-tech/agent-tool-brick",
  "version": "0.2.4",
  "lockfileVersion": 3,
  "requires": true,
  "packages": {
    "": {
      "name": "@xuanzhen-tech/agent-tool-brick",
      "version": "0.2.4",
      "license": "ISC",
      "dependencies": {
        "@xuanzhen-tech/agent-release-foundation": "0.0.6"
      },
      "bin": {
        "agent-tool": "src/cli.mjs"
      }
    },
    "node_modules/@xuanzhen-tech/agent-release-foundation": {
      "version": "0.0.6",
      "resolved": "https://npm.pkg.github.com/download/@xuanzhen-tech/agent-release-foundation/0.0.6/9e3e7e7e0a52c69a67f0b7e13ae52121e0f81a68",
      "integrity": "sha512-EYkInlV+zeLb3HwTbnm4NtZpCuRtWZKMRyBoOc0rI02pGONTEf8oDD/1YOLfY2b6DBDDdtTp2bA3t76ZKopCgQ==",
      "license": "UNLICENSED"
    }
  }
}
