{
  "name": "@xuanzhen-tech/agent-tool-brick",
  "version": "0.2.0",
  "lockfileVersion": 3,
  "requires": true,
  "packages": {
    "": {
      "name": "@xuanzhen-tech/agent-tool-brick",
      "version": "0.2.0",
      "license": "ISC",
      "dependencies": {
        "@xuanzhen-tech/agent-release-foundation": "0.0.4"
      },
      "bin": {
        "agent-tool": "src/cli.mjs"
      }
    },
    "node_modules/@xuanzhen-tech/agent-release-foundation": {
      "version": "0.0.4",
      "resolved": "https://npm.pkg.github.com/download/@xuanzhen-tech/agent-release-foundation/0.0.4/d9784ca2a299fd77cccaf73e0bf6b923f03e7ef5",
      "integrity": "sha512-s9NWPoWD02gQrt7kzIN/fIjJTlBrybaarF+UOJbWcjHwI+BYDW8Oim5VodhUu1YmD41SWtGInYHPExOsCTz0DQ==",
      "license": "UNLICENSED"
    }
  }
}
